// !$*UTF8*$!
{
	archiveVersion = 1;
	classes = {
	};
	objectVersion = 56;
	objects = {

/* Begin PBXBuildFile section */
		3A01EDAE2B9A7C3E0053449F /* SourceHandler.swift in Sources */ = {isa = PBXBuildFile; fileRef = 3A01EDAD2B9A7C3E0053449F /* SourceHandler.swift */; };
		3A01EDB02B9A80530053449F /* IncomeExpenseSources.swift in Sources */ = {isa = PBXBuildFile; fileRef = 3A01EDAF2B9A80530053449F /* IncomeExpenseSources.swift */; };
		3A01EDB42B9A85300053449F /* Source.swift in Sources */ = {isa = PBXBuildFile; fileRef = 3A01EDB32B9A85300053449F /* Source.swift */; };
		3A2D83652B9931C500422FE1 /* RestaurantApp.swift in Sources */ = {isa = PBXBuildFile; fileRef = 3A2D83642B9931C500422FE1 /* RestaurantApp.swift */; };
		3A2D83672B9931C500422FE1 /* ContentView.swift in Sources */ = {isa = PBXBuildFile; fileRef = 3A2D83662B9931C500422FE1 /* ContentView.swift */; };
		3A2D83692B9931C700422FE1 /* Assets.xcassets in Resources */ = {isa = PBXBuildFile; fileRef = 3A2D83682B9931C700422FE1 /* Assets.xcassets */; };
		3A2D836C2B9931C700422FE1 /* Preview Assets.xcassets in Resources */ = {isa = PBXBuildFile; fileRef = 3A2D836B2B9931C700422FE1 /* Preview Assets.xcassets */; };
		3A2D83762B9931C700422FE1 /* RestaurantTests.swift in Sources */ = {isa = PBXBuildFile; fileRef = 3A2D83752B9931C700422FE1 /* RestaurantTests.swift */; };
		3A2D83802B9931C700422FE1 /* RestaurantUITests.swift in Sources */ = {isa = PBXBuildFile; fileRef = 3A2D837F2B9931C700422FE1 /* RestaurantUITests.swift */; };
		3A2D83822B9931C700422FE1 /* RestaurantUITestsLaunchTests.swift in Sources */ = {isa = PBXBuildFile; fileRef = 3A2D83812B9931C700422FE1 /* RestaurantUITestsLaunchTests.swift */; };
		3A2D838F2B99331F00422FE1 /* MainView.swift in Sources */ = {isa = PBXBuildFile; fileRef = 3A2D838E2B99331F00422FE1 /* MainView.swift */; };
		3A2D83912B9938D400422FE1 /* IncomeSourceView.swift in Sources */ = {isa = PBXBuildFile; fileRef = 3A2D83902B9938D400422FE1 /* IncomeSourceView.swift */; };
		3A2D83932B9938F100422FE1 /* ExpenseSourceView.swift in Sources */ = {isa = PBXBuildFile; fileRef = 3A2D83922B9938F100422FE1 /* ExpenseSourceView.swift */; };
		3A369F422B9F936D009A2121 /* EditSourceView.swift in Sources */ = {isa = PBXBuildFile; fileRef = 3A369F412B9F936D009A2121 /* EditSourceView.swift */; };
/* End PBXBuildFile section */

/* Begin PBXContainerItemProxy section */
		3A2D83722B9931C700422FE1 /* PBXContainerItemProxy */ = {
			isa = PBXContainerItemProxy;
			containerPortal = 3A2D83592B9931C500422FE1 /* Project object */;
			proxyType = 1;
			remoteGlobalIDString = 3A2D83602B9931C500422FE1;
			remoteInfo = Restaurant;
		};
		3A2D837C2B9931C700422FE1 /* PBXContainerItemProxy */ = {
			isa = PBXContainerItemProxy;
			containerPortal = 3A2D83592B9931C500422FE1 /* Project object */;
			proxyType = 1;
			remoteGlobalIDString = 3A2D83602B9931C500422FE1;
			remoteInfo = Restaurant;
		};
/* End PBXContainerItemProxy section */

/* Begin PBXFileReference section */
		3A01EDAD2B9A7C3E0053449F /* SourceHandler.swift */ = {isa = PBXFileReference; lastKnownFileType = sourcecode.swift; path = SourceHandler.swift; sourceTree = "<group>"; };
		3A01EDAF2B9A80530053449F /* IncomeExpenseSources.swift */ = {isa = PBXFileReference; lastKnownFileType = sourcecode.swift; path = IncomeExpenseSources.swift; sourceTree = "<group>"; };
		3A01EDB32B9A85300053449F /* Source.swift */ = {isa = PBXFileReference; lastKnownFileType = sourcecode.swift; path = Source.swift; sourceTree = "<group>"; };
		3A2D83612B9931C500422FE1 /* Restaurant.app */ = {isa = PBXFileReference; explicitFileType = wrapper.application; includeInIndex = 0; path = Restaurant.app; sourceTree = BUILT_PRODUCTS_DIR; };
		3A2D83642B9931C500422FE1 /* RestaurantApp.swift */ = {isa = PBXFileReference; lastKnownFileType = sourcecode.swift; path = RestaurantApp.swift; sourceTree = "<group>"; };
		3A2D83662B9931C500422FE1 /* ContentView.swift */ = {isa = PBXFileReference; lastKnownFileType = sourcecode.swift; path = ContentView.swift; sourceTree = "<group>"; };
		3A2D83682B9931C700422FE1 /* Assets.xcassets */ = {isa = PBXFileReference; lastKnownFileType = folder.assetcatalog; path = Assets.xcassets; sourceTree = "<group>"; };
		3A2D836B2B9931C700422FE1 /* Preview Assets.xcassets */ = {isa = PBXFileReference; lastKnownFileType = folder.assetcatalog; path = "Preview Assets.xcassets"; sourceTree = "<group>"; };
		3A2D83712B9931C700422FE1 /* RestaurantTests.xctest */ = {isa = PBXFileReference; explicitFileType = wrapper.cfbundle; includeInIndex = 0; path = RestaurantTests.xctest; sourceTree = BUILT_PRODUCTS_DIR; };
		3A2D83752B9931C700422FE1 /* RestaurantTests.swift */ = {isa = PBXFileReference; lastKnownFileType = sourcecode.swift; path = RestaurantTests.swift; sourceTree = "<group>"; };
		3A2D837B2B9931C700422FE1 /* RestaurantUITests.xctest */ = {isa = PBXFileReference; explicitFileType = wrapper.cfbundle; includeInIndex = 0; path = RestaurantUITests.xctest; sourceTree = BUILT_PRODUCTS_DIR; };
		3A2D837F2B9931C700422FE1 /* RestaurantUITests.swift */ = {isa = PBXFileReference; lastKnownFileType = sourcecode.swift; path = RestaurantUITests.swift; sourceTree = "<group>"; };
		3A2D83812B9931C700422FE1 /* RestaurantUITestsLaunchTests.swift */ = {isa = PBXFileReference; lastKnownFileType = sourcecode.swift; path = RestaurantUITestsLaunchTests.swift; sourceTree = "<group>"; };
		3A2D838E2B99331F00422FE1 /* MainView.swift */ = {isa = PBXFileReference; lastKnownFileType = sourcecode.swift; path = MainView.swift; sourceTree = "<group>"; };
		3A2D83902B9938D400422FE1 /* IncomeSourceView.swift */ = {isa = PBXFileReference; lastKnownFileType = sourcecode.swift; path = IncomeSourceView.swift; sourceTree = "<group>"; };
		3A2D83922B9938F100422FE1 /* ExpenseSourceView.swift */ = {isa = PBXFileReference; lastKnownFileType = sourcecode.swift; path = ExpenseSourceView.swift; sourceTree = "<group>"; };
		3A369F412B9F936D009A2121 /* EditSourceView.swift */ = {isa = PBXFileReference; lastKnownFileType = sourcecode.swift; path = EditSourceView.swift; sourceTree = "<group>"; };
/* End PBXFileReference section */

/* Begin PBXFrameworksBuildPhase section */
		3A2D835E2B9931C500422FE1 /* Frameworks */ = {
			isa = PBXFrameworksBuildPhase;
			buildActionMask = 2147483647;
			files = (
			);
			runOnlyForDeploymentPostprocessing = 0;
		};
		3A2D836E2B9931C700422FE1 /* Frameworks */ = {
			isa = PBXFrameworksBuildPhase;
			buildActionMask = 2147483647;
			files = (
			);
			runOnlyForDeploymentPostprocessing = 0;
		};
		3A2D83782B9931C700422FE1 /* Frameworks */ = {
			isa = PBXFrameworksBuildPhase;
			buildActionMask = 2147483647;
			files = (
			);
			runOnlyForDeploymentPostprocessing = 0;
		};
/* End PBXFrameworksBuildPhase section */

/* Begin PBXGroup section */
		3A2D83582B9931C500422FE1 = {
			isa = PBXGroup;
			children = (
				3A2D83632B9931C500422FE1 /* Restaurant */,
				3A2D83742B9931C700422FE1 /* RestaurantTests */,
				3A2D837E2B9931C700422FE1 /* RestaurantUITests */,
				3A2D83622B9931C500422FE1 /* Products */,
			);
			sourceTree = "<group>";
		};
		3A2D83622B9931C500422FE1 /* Products */ = {
			isa = PBXGroup;
			children = (
				3A2D83612B9931C500422FE1 /* Restaurant.app */,
				3A2D83712B9931C700422FE1 /* RestaurantTests.xctest */,
				3A2D837B2B9931C700422FE1 /* RestaurantUITests.xctest */,
			);
			name = Products;
			sourceTree = "<group>";
		};
		3A2D83632B9931C500422FE1 /* Restaurant */ = {
			isa = PBXGroup;
			children = (
				3A2D83642B9931C500422FE1 /* RestaurantApp.swift */,
				3A2D83662B9931C500422FE1 /* ContentView.swift */,
				3A2D83682B9931C700422FE1 /* Assets.xcassets */,
				3A2D836A2B9931C700422FE1 /* Preview Content */,
				3A2D838E2B99331F00422FE1 /* MainView.swift */,
				3A2D83902B9938D400422FE1 /* IncomeSourceView.swift */,
				3A2D83922B9938F100422FE1 /* ExpenseSourceView.swift */,
				3A01EDAD2B9A7C3E0053449F /* SourceHandler.swift */,
				3A01EDAF2B9A80530053449F /* IncomeExpenseSources.swift */,
				3A01EDB32B9A85300053449F /* Source.swift */,
				3A369F412B9F936D009A2121 /* EditSourceView.swift */,
			);
			path = Restaurant;
			sourceTree = "<group>";
		};
		3A2D836A2B9931C700422FE1 /* Preview Content */ = {
			isa = PBXGroup;
			children = (
				3A2D836B2B9931C700422FE1 /* Preview Assets.xcassets */,
			);
			path = "Preview Content";
			sourceTree = "<group>";
		};
		3A2D83742B9931C700422FE1 /* RestaurantTests */ = {
			isa = PBXGroup;
			children = (
				3A2D83752B9931C700422FE1 /* RestaurantTests.swift */,
			);
			path = RestaurantTests;
			sourceTree = "<group>";
		};
		3A2D837E2B9931C700422FE1 /* RestaurantUITests */ = {
			isa = PBXGroup;
			children = (
				3A2D837F2B9931C700422FE1 /* RestaurantUITests.swift */,
				3A2D83812B9931C700422FE1 /* RestaurantUITestsLaunchTests.swift */,
			);
			path = RestaurantUITests;
			sourceTree = "<group>";
		};
/* End PBXGroup section */

/* Begin PBXNativeTarget section */
		3A2D83602B9931C500422FE1 /* Restaurant */ = {
			isa = PBXNativeTarget;
			buildConfigurationList = 3A2D83852B9931C700422FE1 /* Build configuration list for PBXNativeTarget "Restaurant" */;
			buildPhases = (
				3A2D835D2B9931C500422FE1 /* Sources */,
				3A2D835E2B9931C500422FE1 /* Frameworks */,
				3A2D835F2B9931C500422FE1 /* Resources */,
			);
			buildRules = (
			);
			dependencies = (
			);
			name = Restaurant;
			productName = Restaurant;
			productReference = 3A2D83612B9931C500422FE1 /* Restaurant.app */;
			productType = "com.apple.product-type.application";
		};
		3A2D83702B9931C700422FE1 /* RestaurantTests */ = {
			isa = PBXNativeTarget;
			buildConfigurationList = 3A2D83882B9931C700422FE1 /* Build configuration list for PBXNativeTarget "RestaurantTests" */;
			buildPhases = (
				3A2D836D2B9931C700422FE1 /* Sources */,
				3A2D836E2B9931C700422FE1 /* Frameworks */,
				3A2D836F2B9931C700422FE1 /* Resources */,
			);
			buildRules = (
			);
			dependencies = (
				3A2D83732B9931C700422FE1 /* PBXTargetDependency */,
			);
			name = RestaurantTests;
			productName = RestaurantTests;
			productReference = 3A2D83712B9931C700422FE1 /* RestaurantTests.xctest */;
			productType = "com.apple.product-type.bundle.unit-test";
		};
		3A2D837A2B9931C700422FE1 /* RestaurantUITests */ = {
			isa = PBXNativeTarget;
			buildConfigurationList = 3A2D838B2B9931C700422FE1 /* Build configuration list for PBXNativeTarget "RestaurantUITests" */;
			buildPhases = (
				3A2D83772B9931C700422FE1 /* Sources */,
				3A2D83782B9931C700422FE1 /* Frameworks */,
				3A2D83792B9931C700422FE1 /* Resources */,
			);
			buildRules = (
			);
			dependencies = (
				3A2D837D2B9931C700422FE1 /* PBXTargetDependency */,
			);
			name = RestaurantUITests;
			productName = RestaurantUITests;
			productReference = 3A2D837B2B9931C700422FE1 /* RestaurantUITests.xctest */;
			productType = "com.apple.product-type.bundle.ui-testing";
		};
/* End PBXNativeTarget section */

/* Begin PBXProject section */
		3A2D83592B9931C500422FE1 /* Project object */ = {
			isa = PBXProject;
			attributes = {
				BuildIndependentTargetsInParallel = 1;
				LastSwiftUpdateCheck = 1520;
				LastUpgradeCheck = 1520;
				TargetAttributes = {
					3A2D83602B9931C500422FE1 = {
						CreatedOnToolsVersion = 15.2;
					};
					3A2D83702B9931C700422FE1 = {
						CreatedOnToolsVersion = 15.2;
						TestTargetID = 3A2D83602B9931C500422FE1;
					};
					3A2D837A2B9931C700422FE1 = {
						CreatedOnToolsVersion = 15.2;
						TestTargetID = 3A2D83602B9931C500422FE1;
					};
				};
			};
			buildConfigurationList = 3A2D835C2B9931C500422FE1 /* Build configuration list for PBXProject "Restaurant" */;
			compatibilityVersion = "Xcode 14.0";
			developmentRegion = en;
			hasScannedForEncodings = 0;
			knownRegions = (
				en,
				Base,
			);
			mainGroup = 3A2D83582B9931C500422FE1;
			productRefGroup = 3A2D83622B9931C500422FE1 /* Products */;
			projectDirPath = "";
			projectRoot = "";
			targets = (
				3A2D83602B9931C500422FE1 /* Restaurant */,
				3A2D83702B9931C700422FE1 /* RestaurantTests */,
				3A2D837A2B9931C700422FE1 /* RestaurantUITests */,
			);
		};
/* End PBXProject section */

/* Begin PBXResourcesBuildPhase section */
		3A2D835F2B9931C500422FE1 /* Resources */ = {
			isa = PBXResourcesBuildPhase;
			buildActionMask = 2147483647;
			files = (
				3A2D836C2B9931C700422FE1 /* Preview Assets.xcassets in Resources */,
				3A2D83692B9931C700422FE1 /* Assets.xcassets in Resources */,
			);
			runOnlyForDeploymentPostprocessing = 0;
		};
		3A2D836F2B9931C700422FE1 /* Resources */ = {
			isa = PBXResourcesBuildPhase;
			buildActionMask = 2147483647;
			files = (
			);
			runOnlyForDeploymentPostprocessing = 0;
		};
		3A2D83792B9931C700422FE1 /* Resources */ = {
			isa = PBXResourcesBuildPhase;
			buildActionMask = 2147483647;
			files = (
			);
			runOnlyForDeploymentPostprocessing = 0;
		};
/* End PBXResourcesBuildPhase section */

/* Begin PBXSourcesBuildPhase section */
		3A2D835D2B9931C500422FE1 /* Sources */ = {
			isa = PBXSourcesBuildPhase;
			buildActionMask = 2147483647;
			files = (
				3A2D83912B9938D400422FE1 /* IncomeSourceView.swift in Sources */,
				3A2D83932B9938F100422FE1 /* ExpenseSourceView.swift in Sources */,
				3A2D83672B9931C500422FE1 /* ContentView.swift in Sources */,
				3A2D838F2B99331F00422FE1 /* MainView.swift in Sources */,
				3A369F422B9F936D009A2121 /* EditSourceView.swift in Sources */,
				3A01EDAE2B9A7C3E0053449F /* SourceHandler.swift in Sources */,
				3A01EDB02B9A80530053449F /* IncomeExpenseSources.swift in Sources */,
				3A01EDB42B9A85300053449F /* Source.swift in Sources */,
				3A2D83652B9931C500422FE1 /* RestaurantApp.swift in Sources */,
			);
			runOnlyForDeploymentPostprocessing = 0;
		};
		3A2D836D2B9931C700422FE1 /* Sources */ = {
			isa = PBXSourcesBuildPhase;
			buildActionMask = 2147483647;
			files = (
				3A2D83762B9931C700422FE1 /* RestaurantTests.swift in Sources */,
			);
			runOnlyForDeploymentPostprocessing = 0;
		};
		3A2D83772B9931C700422FE1 /* Sources */ = {
			isa = PBXSourcesBuildPhase;
			buildActionMask = 2147483647;
			files = (
				3A2D83802B9931C700422FE1 /* RestaurantUITests.swift in Sources */,
				3A2D83822B9931C700422FE1 /* RestaurantUITestsLaunchTests.swift in Sources */,
			);
			runOnlyForDeploymentPostprocessing = 0;
		};
/* End PBXSourcesBuildPhase section */

/* Begin PBXTargetDependency section */
		3A2D83732B9931C700422FE1 /* PBXTargetDependency */ = {
			isa = PBXTargetDependency;
			target = 3A2D83602B9931C500422FE1 /* Restaurant */;
			targetProxy = 3A2D83722B9931C700422FE1 /* PBXContainerItemProxy */;
		};
		3A2D837D2B9931C700422FE1 /* PBXTargetDependency */ = {
			isa = PBXTargetDependency;
			target = 3A2D83602B9931C500422FE1 /* Restaurant */;
			targetProxy = 3A2D837C2B9931C700422FE1 /* PBXContainerItemProxy */;
		};
/* End PBXTargetDependency section */

/* Begin XCBuildConfiguration section */
		3A2D83832B9931C700422FE1 /* Debug */ = {
			isa = XCBuildConfiguration;
			buildSettings = {
				ALWAYS_SEARCH_USER_PATHS = NO;
				ASSETCATALOG_COMPILER_GENERATE_SWIFT_ASSET_SYMBOL_EXTENSIONS = YES;
				CLANG_ANALYZER_NONNULL = YES;
				CLANG_ANALYZER_NUMBER_OBJECT_CONVERSION = YES_AGGRESSIVE;
				CLANG_CXX_LANGUAGE_STANDARD = "gnu++20";
				CLANG_ENABLE_MODULES = YES;
				CLANG_ENABLE_OBJC_ARC = YES;
				CLANG_ENABLE_OBJC_WEAK = YES;
				CLANG_WARN_BLOCK_CAPTURE_AUTORELEASING = YES;
				CLANG_WARN_BOOL_CONVERSION = YES;
				CLANG_WARN_COMMA = YES;
				CLANG_WARN_CONSTANT_CONVERSION = YES;
				CLANG_WARN_DEPRECATED_OBJC_IMPLEMENTATIONS = YES;
				CLANG_WARN_DIRECT_OBJC_ISA_USAGE = YES_ERROR;
				CLANG_WARN_DOCUMENTATION_COMMENTS = YES;
				CLANG_WARN_EMPTY_BODY = YES;
				CLANG_WARN_ENUM_CONVERSION = YES;
				CLANG_WARN_INFINITE_RECURSION = YES;
				CLANG_WARN_INT_CONVERSION = YES;
				CLANG_WARN_NON_LITERAL_NULL_CONVERSION = YES;
				CLANG_WARN_OBJC_IMPLICIT_RETAIN_SELF = YES;
				CLANG_WARN_OBJC_LITERAL_CONVERSION = YES;
				CLANG_WARN_OBJC_ROOT_CLASS = YES_ERROR;
				CLANG_WARN_QUOTED_INCLUDE_IN_FRAMEWORK_HEADER = YES;
				CLANG_WARN_RANGE_LOOP_ANALYSIS = YES;
				CLANG_WARN_STRICT_PROTOTYPES = YES;
				CLANG_WARN_SUSPICIOUS_MOVE = YES;
				CLANG_WARN_UNGUARDED_AVAILABILITY = YES_AGGRESSIVE;
				CLANG_WARN_UNREACHABLE_CODE = YES;
				CLANG_WARN__DUPLICATE_METHOD_MATCH = YES;
				COPY_PHASE_STRIP = NO;
				DEBUG_INFORMATION_FORMAT = dwarf;
				ENABLE_STRICT_OBJC_MSGSEND = YES;
				ENABLE_TESTABILITY = YES;
				ENABLE_USER_SCRIPT_SANDBOXING = YES;
				GCC_C_LANGUAGE_STANDARD = gnu17;
				GCC_DYNAMIC_NO_PIC = NO;
				GCC_NO_COMMON_BLOCKS = YES;
				GCC_OPTIMIZATION_LEVEL = 0;
				GCC_PREPROCESSOR_DEFINITIONS = (
					"DEBUG=1",
					"$(inherited)",
				);
				GCC_WARN_64_TO_32_BIT_CONVERSION = YES;
				GCC_WARN_ABOUT_RETURN_TYPE = YES_ERROR;
				GCC_WARN_UNDECLARED_SELECTOR = YES;
				GCC_WARN_UNINITIALIZED_AUTOS = YES_AGGRESSIVE;
				GCC_WARN_UNUSED_FUNCTION = YES;
				GCC_WARN_UNUSED_VARIABLE = YES;
				IPHONEOS_DEPLOYMENT_TARGET = 17.2;
				LOCALIZATION_PREFERS_STRING_CATALOGS = YES;
				MTL_ENABLE_DEBUG_INFO = INCLUDE_SOURCE;
				MTL_FAST_MATH = YES;
				ONLY_ACTIVE_ARCH = YES;
				SDKROOT = iphoneos;
				SWIFT_ACTIVE_COMPILATION_CONDITIONS = "DEBUG $(inherited)";
				SWIFT_OPTIMIZATION_LEVEL = "-Onone";
			};
			name = Debug;
		};
		3A2D83842B9931C700422FE1 /* Release */ = {
			isa = XCBuildConfiguration;
			buildSettings = {
				ALWAYS_SEARCH_USER_PATHS = NO;
				ASSETCATALOG_COMPILER_GENERATE_SWIFT_ASSET_SYMBOL_EXTENSIONS = YES;
				CLANG_ANALYZER_NONNULL = YES;
				CLANG_ANALYZER_NUMBER_OBJECT_CONVERSION = YES_AGGRESSIVE;
				CLANG_CXX_LANGUAGE_STANDARD = "gnu++20";
				CLANG_ENABLE_MODULES = YES;
				CLANG_ENABLE_OBJC_ARC = YES;
				CLANG_ENABLE_OBJC_WEAK = YES;
				CLANG_WARN_BLOCK_CAPTURE_AUTORELEASING = YES;
				CLANG_WARN_BOOL_CONVERSION = YES;
				CLANG_WARN_COMMA = YES;
				CLANG_WARN_CONSTANT_CONVERSION = YES;
				CLANG_WARN_DEPRECATED_OBJC_IMPLEMENTATIONS = YES;
				CLANG_WARN_DIRECT_OBJC_ISA_USAGE = YES_ERROR;
				CLANG_WARN_DOCUMENTATION_COMMENTS = YES;
				CLANG_WARN_EMPTY_BODY = YES;
				CLANG_WARN_ENUM_CONVERSION = YES;
				CLANG_WARN_INFINITE_RECURSION = YES;
				CLANG_WARN_INT_CONVERSION = YES;
				CLANG_WARN_NON_LITERAL_NULL_CONVERSION = YES;
				CLANG_WARN_OBJC_IMPLICIT_RETAIN_SELF = YES;
				CLANG_WARN_OBJC_LITERAL_CONVERSION = YES;
				CLANG_WARN_OBJC_ROOT_CLASS = YES_ERROR;
				CLANG_WARN_QUOTED_INCLUDE_IN_FRAMEWORK_HEADER = YES;
				CLANG_WARN_RANGE_LOOP_ANALYSIS = YES;
				CLANG_WARN_STRICT_PROTOTYPES = YES;
				CLANG_WARN_SUSPICIOUS_MOVE = YES;
				CLANG_WARN_UNGUARDED_AVAILABILITY = YES_AGGRESSIVE;
				CLANG_WARN_UNREACHABLE_CODE = YES;
				CLANG_WARN__DUPLICATE_METHOD_MATCH = YES;
				COPY_PHASE_STRIP = NO;
				DEBUG_INFORMATION_FORMAT = "dwarf-with-dsym";
				ENABLE_NS_ASSERTIONS = NO;
				ENABLE_STRICT_OBJC_MSGSEND = YES;
				ENABLE_USER_SCRIPT_SANDBOXING = YES;
				GCC_C_LANGUAGE_STANDARD = gnu17;
				GCC_NO_COMMON_BLOCKS = YES;
				GCC_WARN_64_TO_32_BIT_CONVERSION = YES;
				GCC_WARN_ABOUT_RETURN_TYPE = YES_ERROR;
				GCC_WARN_UNDECLARED_SELECTOR = YES;
				GCC_WARN_UNINITIALIZED_AUTOS = YES_AGGRESSIVE;
				GCC_WARN_UNUSED_FUNCTION = YES;
				GCC_WARN_UNUSED_VARIABLE = YES;
				IPHONEOS_DEPLOYMENT_TARGET = 17.2;
				LOCALIZATION_PREFERS_STRING_CATALOGS = YES;
				MTL_ENABLE_DEBUG_INFO = NO;
				MTL_FAST_MATH = YES;
				SDKROOT = iphoneos;
				SWIFT_COMPILATION_MODE = wholemodule;
				VALIDATE_PRODUCT = YES;
			};
			name = Release;
		};
		3A2D83862B9931C700422FE1 /* Debug */ = {
			isa = XCBuildConfiguration;
			buildSettings = {
				ASSETCATALOG_COMPILER_APPICON_NAME = AppIcon;
				ASSETCATALOG_COMPILER_GLOBAL_ACCENT_COLOR_NAME = AccentColor;
				CODE_SIGN_STYLE = Automatic;
				CURRENT_PROJECT_VERSION = 1;
				DEVELOPMENT_ASSET_PATHS = "\"Restaurant/Preview Content\"";
				ENABLE_PREVIEWS = YES;
				GENERATE_INFOPLIST_FILE = YES;
				INFOPLIST_KEY_UIApplicationSceneManifest_Generation = YES;
				INFOPLIST_KEY_UIApplicationSupportsIndirectInputEvents = YES;
				INFOPLIST_KEY_UILaunchScreen_Generation = YES;
				INFOPLIST_KEY_UISupportedInterfaceOrientations_iPad = "UIInterfaceOrientationPortrait UIInterfaceOrientationPortraitUpsideDown UIInterfaceOrientationLandscapeLeft UIInterfaceOrientationLandscapeRight";
				INFOPLIST_KEY_UISupportedInterfaceOrientations_iPhone = "UIInterfaceOrientationPortrait UIInterfaceOrientationLandscapeLeft UIInterfaceOrientationLandscapeRight";
				LD_RUNPATH_SEARCH_PATHS = (
					"$(inherited)",
					"@executable_path/Frameworks",
				);
				MARKETING_VERSION = 1.0;
				PRODUCT_BUNDLE_IDENTIFIER = com.okstate.Restaurant;
				PRODUCT_NAME = "$(TARGET_NAME)";
				SWIFT_EMIT_LOC_STRINGS = YES;
				SWIFT_VERSION = 5.0;
				TARGETED_DEVICE_FAMILY = "1,2";
			};
			name = Debug;
		};
		3A2D83872B9931C700422FE1 /* Release */ = {
			isa = XCBuildConfiguration;
			buildSettings = {
				ASSETCATALOG_COMPILER_APPICON_NAME = AppIcon;
				ASSETCATALOG_COMPILER_GLOBAL_ACCENT_COLOR_NAME = AccentColor;
				CODE_SIGN_STYLE = Automatic;
				CURRENT_PROJECT_VERSION = 1;
				DEVELOPMENT_ASSET_PATHS = "\"Restaurant/Preview Content\"";
				ENABLE_PREVIEWS = YES;
				GENERATE_INFOPLIST_FILE = YES;
				INFOPLIST_KEY_UIApplicationSceneManifest_Generation = YES;
				INFOPLIST_KEY_UIApplicationSupportsIndirectInputEvents = YES;
				INFOPLIST_KEY_UILaunchScreen_Generation = YES;
				INFOPLIST_KEY_UISupportedInterfaceOrientations_iPad = "UIInterfaceOrientationPortrait UIInterfaceOrientationPortraitUpsideDown UIInterfaceOrientationLandscapeLeft UIInterfaceOrientationLandscapeRight";
				INFOPLIST_KEY_UISupportedInterfaceOrientations_iPhone = "UIInterfaceOrientationPortrait UIInterfaceOrientationLandscapeLeft UIInterfaceOrientationLandscapeRight";
				LD_RUNPATH_SEARCH_PATHS = (
					"$(inherited)",
					"@executable_path/Frameworks",
				);
				MARKETING_VERSION = 1.0;
				PRODUCT_BUNDLE_IDENTIFIER = com.okstate.Restaurant;
				PRODUCT_NAME = "$(TARGET_NAME)";
				SWIFT_EMIT_LOC_STRINGS = YES;
				SWIFT_VERSION = 5.0;
				TARGETED_DEVICE_FAMILY = "1,2";
			};
			name = Release;
		};
		3A2D83892B9931C700422FE1 /* Debug */ = {
			isa = XCBuildConfiguration;
			buildSettings = {
				ALWAYS_EMBED_SWIFT_STANDARD_LIBRARIES = YES;
				BUNDLE_LOADER = "$(TEST_HOST)";
				CODE_SIGN_STYLE = Automatic;
				CURRENT_PROJECT_VERSION = 1;
				GENERATE_INFOPLIST_FILE = YES;
				IPHONEOS_DEPLOYMENT_TARGET = 17.2;
				MARKETING_VERSION = 1.0;
				PRODUCT_BUNDLE_IDENTIFIER = com.okstate.RestaurantTests;
				PRODUCT_NAME = "$(TARGET_NAME)";
				SWIFT_EMIT_LOC_STRINGS = NO;
				SWIFT_VERSION = 5.0;
				TARGETED_DEVICE_FAMILY = "1,2";
				TEST_HOST = "$(BUILT_PRODUCTS_DIR)/Restaurant.app/$(BUNDLE_EXECUTABLE_FOLDER_PATH)/Restaurant";
			};
			name = Debug;
		};
		3A2D838A2B9931C700422FE1 /* Release */ = {
			isa = XCBuildConfiguration;
			buildSettings = {
				ALWAYS_EMBED_SWIFT_STANDARD_LIBRARIES = YES;
				BUNDLE_LOADER = "$(TEST_HOST)";
				CODE_SIGN_STYLE = Automatic;
				CURRENT_PROJECT_VERSION = 1;
				GENERATE_INFOPLIST_FILE = YES;
				IPHONEOS_DEPLOYMENT_TARGET = 17.2;
				MARKETING_VERSION = 1.0;
				PRODUCT_BUNDLE_IDENTIFIER = com.okstate.RestaurantTests;
				PRODUCT_NAME = "$(TARGET_NAME)";
				SWIFT_EMIT_LOC_STRINGS = NO;
				SWIFT_VERSION = 5.0;
				TARGETED_DEVICE_FAMILY = "1,2";
				TEST_HOST = "$(BUILT_PRODUCTS_DIR)/Restaurant.app/$(BUNDLE_EXECUTABLE_FOLDER_PATH)/Restaurant";
			};
			name = Release;
		};
		3A2D838C2B9931C700422FE1 /* Debug */ = {
			isa = XCBuildConfiguration;
			buildSettings = {
				ALWAYS_EMBED_SWIFT_STANDARD_LIBRARIES = YES;
				CODE_SIGN_STYLE = Automatic;
				CURRENT_PROJECT_VERSION = 1;
				GENERATE_INFOPLIST_FILE = YES;
				MARKETING_VERSION = 1.0;
				PRODUCT_BUNDLE_IDENTIFIER = com.okstate.RestaurantUITests;
				PRODUCT_NAME = "$(TARGET_NAME)";
				SWIFT_EMIT_LOC_STRINGS = NO;
				SWIFT_VERSION = 5.0;
				TARGETED_DEVICE_FAMILY = "1,2";
				TEST_TARGET_NAME = Restaurant;
			};
			name = Debug;
		};
		3A2D838D2B9931C700422FE1 /* Release */ = {
			isa = XCBuildConfiguration;
			buildSettings = {
				ALWAYS_EMBED_SWIFT_STANDARD_LIBRARIES = YES;
				CODE_SIGN_STYLE = Automatic;
				CURRENT_PROJECT_VERSION = 1;
				GENERATE_INFOPLIST_FILE = YES;
				MARKETING_VERSION = 1.0;
				PRODUCT_BUNDLE_IDENTIFIER = com.okstate.RestaurantUITests;
				PRODUCT_NAME = "$(TARGET_NAME)";
				SWIFT_EMIT_LOC_STRINGS = NO;
				SWIFT_VERSION = 5.0;
				TARGETED_DEVICE_FAMILY = "1,2";
				TEST_TARGET_NAME = Restaurant;
			};
			name = Release;
		};
/* End XCBuildConfiguration section */

/* Begin XCConfigurationList section */
		3A2D835C2B9931C500422FE1 /* Build configuration list for PBXProject "Restaurant" */ = {
			isa = XCConfigurationList;
			buildConfigurations = (
				3A2D83832B9931C700422FE1 /* Debug */,
				3A2D83842B9931C700422FE1 /* Release */,
			);
			defaultConfigurationIsVisible = 0;
			defaultConfigurationName = Release;
		};
		3A2D83852B9931C700422FE1 /* Build configuration list for PBXNativeTarget "Restaurant" */ = {
			isa = XCConfigurationList;
			buildConfigurations = (
				3A2D83862B9931C700422FE1 /* Debug */,
				3A2D83872B9931C700422FE1 /* Release */,
			);
			defaultConfigurationIsVisible = 0;
			defaultConfigurationName = Release;
		};
		3A2D83882B9931C700422FE1 /* Build configuration list for PBXNativeTarget "RestaurantTests" */ = {
			isa = XCConfigurationList;
			buildConfigurations = (
				3A2D83892B9931C700422FE1 /* Debug */,
				3A2D838A2B9931C700422FE1 /* Release */,
			);
			defaultConfigurationIsVisible = 0;
			defaultConfigurationName = Release;
		};
		3A2D838B2B9931C700422FE1 /* Build configuration list for PBXNativeTarget "RestaurantUITests" */ = {
			isa = XCConfigurationList;
			buildConfigurations = (
				3A2D838C2B9931C700422FE1 /* Debug */,
				3A2D838D2B9931C700422FE1 /* Release */,
			);
			defaultConfigurationIsVisible = 0;
			defaultConfigurationName = Release;
		};
/* End XCConfigurationList section */
	};
	rootObject = 3A2D83592B9931C500422FE1 /* Project object */;
}
